
Microsoft Visual Studio Solution File, Format Version 12.00
# Visual Studio Express 2012 for Web
Project("{FAE04EC0-301F-11D3-BF4B-00C04F79EFBC}") = "RibbitMvc", "RibbitMvc\RibbitMvc.csproj", "{0A660B84-57A0-460E-AB61-E3F2A5B97576}"
EndProject
Global
	GlobalSection(SolutionConfigurationPlatforms) = preSolution
		Debug|Any CPU = Debug|Any CPU
		Release|Any CPU = Release|Any CPU
	EndGlobalSection
	GlobalSection(ProjectConfigurationPlatforms) = postSolution
		{0A660B84-57A0-460E-AB61-E3F2A5B97576}.Debug|Any CPU.ActiveCfg = Debug|Any CPU
		{0A660B84-57A0-460E-AB61-E3F2A5B97576}.Debug|Any CPU.Build.0 = Debug|Any CPU
		{0A660B84-57A0-460E-AB61-E3F2A5B97576}.Release|Any CPU.ActiveCfg = Release|Any CPU
		{0A660B84-57A0-460E-AB61-E3F2A5B97576}.Release|Any CPU.Build.0 = Release|Any CPU
	EndGlobalSection
	GlobalSection(SolutionProperties) = preSolution
		HideSolutionNode = FALSE
	EndGlobalSection
EndGlobal
